
Microsoft Visual Studio Solution File, Format Version 12.00
# Visual Studio Version 17
VisualStudioVersion = 17.0.31903.59
MinimumVisualStudioVersion = 10.0.40219.1
Project("{FAE04EC0-301F-11D3-BF4B-00C04F79EFBC}") = "API", "API\API.csproj", "{C6B93EA6-E364-49F9-B5D2-A331629AD513}"
EndProject
Project("{FAE04EC0-301F-11D3-BF4B-00C04F79EFBC}") = "Core", "Core\Core.csproj", "{FCF88E81-BCD4-4BD8-AD26-3CF17561C8ED}"
EndProject
Project("{FAE04EC0-301F-11D3-BF4B-00C04F79EFBC}") = "Infrastructure", "Infrastructure\Infrastructure.csproj", "{0DF02BE6-0C94-4AC7-B844-4FF417C85860}"
EndProject
Global
	GlobalSection(SolutionConfigurationPlatforms) = preSolution
		Debug|Any CPU = Debug|Any CPU
		Release|Any CPU = Release|Any CPU
	EndGlobalSection
	GlobalSection(SolutionProperties) = preSolution
		HideSolutionNode = FALSE
	EndGlobalSection
	GlobalSection(ProjectConfigurationPlatforms) = postSolution
		{C6B93EA6-E364-49F9-B5D2-A331629AD513}.Debug|Any CPU.ActiveCfg = Debug|Any CPU
		{C6B93EA6-E364-49F9-B5D2-A331629AD513}.Debug|Any CPU.Build.0 = Debug|Any CPU
		{C6B93EA6-E364-49F9-B5D2-A331629AD513}.Release|Any CPU.ActiveCfg = Release|Any CPU
		{C6B93EA6-E364-49F9-B5D2-A331629AD513}.Release|Any CPU.Build.0 = Release|Any CPU
		{FCF88E81-BCD4-4BD8-AD26-3CF17561C8ED}.Debug|Any CPU.ActiveCfg = Debug|Any CPU
		{FCF88E81-BCD4-4BD8-AD26-3CF17561C8ED}.Debug|Any CPU.Build.0 = Debug|Any CPU
		{FCF88E81-BCD4-4BD8-AD26-3CF17561C8ED}.Release|Any CPU.ActiveCfg = Release|Any CPU
		{FCF88E81-BCD4-4BD8-AD26-3CF17561C8ED}.Release|Any CPU.Build.0 = Release|Any CPU
		{0DF02BE6-0C94-4AC7-B844-4FF417C85860}.Debug|Any CPU.ActiveCfg = Debug|Any CPU
		{0DF02BE6-0C94-4AC7-B844-4FF417C85860}.Debug|Any CPU.Build.0 = Debug|Any CPU
		{0DF02BE6-0C94-4AC7-B844-4FF417C85860}.Release|Any CPU.ActiveCfg = Release|Any CPU
		{0DF02BE6-0C94-4AC7-B844-4FF417C85860}.Release|Any CPU.Build.0 = Release|Any CPU
	EndGlobalSection
EndGlobal
